<?xml version="1.0" encoding="utf-8"?>
<Project ToolsVersion="4.0" xmlns="http://schemas.microsoft.com/developer/msbuild/2003">
  <ItemGroup>
    <Filter Include="Source Files">
      <UniqueIdentifier>{4FC737F1-C7A5-4376-A066-2A32D752A2FF}</UniqueIdentifier>
      <Extensions>cpp;c;cc;cxx;def;odl;idl;hpj;bat;asm;asmx</Extensions>
    </Filter>
    <Filter Include="Header Files">
      <UniqueIdentifier>{93995380-89BD-4b04-88EB-625FBE52EBFB}</UniqueIdentifier>
      <Extensions>h;hh;hpp;hxx;hm;inl;inc;xsd</Extensions>
    </Filter>
    <Filter Include="Resource Files">
      <UniqueIdentifier>{67DA6AB6-F800-4c08-8B7A-83BB121AAD01}</UniqueIdentifier>
      <Extensions>rc;ico;cur;bmp;dlg;rc2;rct;bin;rgs;gif;jpg;jpeg;jpe;resx;tiff;tif;png;wav;mfcribbon-ms</Extensions>
    </Filter>
    <Filter Include="Source Files\Chapter 06 Kernel and Object Handle">
      <UniqueIdentifier>{e778f23d-ee1b-4986-8b38-3ee2c691a22a}</UniqueIdentifier>
    </Filter>
    <Filter Include="Source Files\Chapter 02 Ascii vs Unicode">
      <UniqueIdentifier>{88fa87ab-b512-42a4-b51a-27451886371a}</UniqueIdentifier>
    </Filter>
    <Filter Include="Source Files\Chapter 03 64Bit">
      <UniqueIdentifier>{2481c60e-3363-4886-8a72-0da26fba89a1}</UniqueIdentifier>
    </Filter>
    <Filter Include="Source Files\Chapter 05 Process">
      <UniqueIdentifier>{6339d9e1-6520-4159-8a01-37f69c568062}</UniqueIdentifier>
    </Filter>
    <Filter Include="Source Files\Chapter 07 IPC1">
      <UniqueIdentifier>{01fde7ee-3e65-4d39-9c78-fb1064baac45}</UniqueIdentifier>
    </Filter>
    <Filter Include="Source Files\Chapter 08 IPC2">
      <UniqueIdentifier>{ed8ec5c0-90d7-46ae-be59-59f823173928}</UniqueIdentifier>
    </Filter>
    <Filter Include="Source Files\Chapter 09 Scheduling and Priority">
      <UniqueIdentifier>{a93356df-f216-426a-ac77-c2081e143115}</UniqueIdentifier>
    </Filter>
  </ItemGroup>
  <ItemGroup>
    <ClCompile Include="CommandPrompt.cpp">
      <Filter>Source Files</Filter>
    </ClCompile>
    <ClCompile Include="MBCS_WBCS1.cpp">
      <Filter>Source Files\Chapter 02 Ascii vs Unicode</Filter>
    </ClCompile>
    <ClCompile Include="MBCS_WBCS2.cpp">
      <Filter>Source Files\Chapter 02 Ascii vs Unicode</Filter>
    </ClCompile>
    <ClCompile Include="MBCSAndWBCS1.cpp">
      <Filter>Source Files\Chapter 02 Ascii vs Unicode</Filter>
    </ClCompile>
    <ClCompile Include="MBCSAndWBCS2.cpp">
      <Filter>Source Files\Chapter 02 Ascii vs Unicode</Filter>
    </ClCompile>
    <ClCompile Include="MBCSAndWBCS3.cpp">
      <Filter>Source Files\Chapter 02 Ascii vs Unicode</Filter>
    </ClCompile>
    <ClCompile Include="PolymorphicType.cpp">
      <Filter>Source Files\Chapter 03 64Bit</Filter>
    </ClCompile>
    <ClCompile Include="GetLastError.cpp">
      <Filter>Source Files\Chapter 03 64Bit</Filter>
    </ClCompile>
    <ClCompile Include="WinString.cpp">
      <Filter>Source Files\Chapter 02 Ascii vs Unicode</Filter>
    </ClCompile>
    <ClCompile Include="CreateProcess.cpp">
      <Filter>Source Files\Chapter 05 Process</Filter>
    </ClCompile>
    <ClCompile Include="AdderProcess.cpp">
      <Filter>Source Files\Chapter 05 Process</Filter>
    </ClCompile>
    <ClCompile Include="Calculator.cpp">
      <Filter>Source Files\Chapter 05 Process</Filter>
    </ClCompile>
    <ClCompile Include="WinSysDir.cpp">
      <Filter>Source Files\Chapter 05 Process</Filter>
    </ClCompile>
    <ClCompile Include="KerObjShare.cpp">
      <Filter>Source Files\Chapter 06 Kernel and Object Handle</Filter>
    </ClCompile>
    <ClCompile Include="Operation1.cpp">
      <Filter>Source Files\Chapter 06 Kernel and Object Handle</Filter>
    </ClCompile>
    <ClCompile Include="Operation2.cpp">
      <Filter>Source Files\Chapter 06 Kernel and Object Handle</Filter>
    </ClCompile>
    <ClCompile Include="KernelObjProb1.cpp">
      <Filter>Source Files\Chapter 06 Kernel and Object Handle</Filter>
    </ClCompile>
    <ClCompile Include="KErnelObjProb2.cpp">
      <Filter>Source Files\Chapter 06 Kernel and Object Handle</Filter>
    </ClCompile>
    <ClCompile Include="OperationStateParent.cpp">
      <Filter>Source Files\Chapter 06 Kernel and Object Handle</Filter>
    </ClCompile>
    <ClCompile Include="OperationStateChild.cpp">
      <Filter>Source Files\Chapter 06 Kernel and Object Handle</Filter>
    </ClCompile>
    <ClCompile Include="MailReceiver.cpp">
      <Filter>Source Files\Chapter 07 IPC1</Filter>
    </ClCompile>
    <ClCompile Include="MailSender.cpp">
      <Filter>Source Files\Chapter 07 IPC1</Filter>
    </ClCompile>
    <ClCompile Include="PartAdder.cpp">
      <Filter>Source Files\Chapter 07 IPC1</Filter>
    </ClCompile>
    <ClCompile Include="NonStopAdderManager.cpp">
      <Filter>Source Files\Chapter 07 IPC1</Filter>
    </ClCompile>
    <ClCompile Include="MailSender2_1.cpp">
      <Filter>Source Files\Chapter 08 IPC2</Filter>
    </ClCompile>
    <ClCompile Include="MailSender2_2.cpp">
      <Filter>Source Files\Chapter 08 IPC2</Filter>
    </ClCompile>
    <ClCompile Include="DuplicateHandle.cpp">
      <Filter>Source Files\Chapter 08 IPC2</Filter>
    </ClCompile>
    <ClCompile Include="DuplicateHandleCHildProcess.cpp">
      <Filter>Source Files\Chapter 08 IPC2</Filter>
    </ClCompile>
    <ClCompile Include="anonymous_pipe.cpp">
      <Filter>Source Files\Chapter 08 IPC2</Filter>
    </ClCompile>
    <ClCompile Include="namedpipe_server.cpp">
      <Filter>Source Files\Chapter 08 IPC2</Filter>
    </ClCompile>
    <ClCompile Include="namedpipe_client.cpp">
      <Filter>Source Files\Chapter 08 IPC2</Filter>
    </ClCompile>
    <ClCompile Include="EnvParent.cpp">
      <Filter>Source Files\Chapter 08 IPC2</Filter>
    </ClCompile>
    <ClCompile Include="EnvChild.cpp">
      <Filter>Source Files\Chapter 08 IPC2</Filter>
    </ClCompile>
    <ClCompile Include="ListProcessInfo.cpp">
      <Filter>Source Files\Chapter 08 IPC2</Filter>
    </ClCompile>
    <ClCompile Include="ABOVE_NORMAL_PRIORITY_CLASS.cpp">
      <Filter>Source Files\Chapter 09 Scheduling and Priority</Filter>
    </ClCompile>
    <ClCompile Include="NORMAL_PRIORITY_CLASS.cpp">
      <Filter>Source Files\Chapter 09 Scheduling and Priority</Filter>
    </ClCompile>
    <ClCompile Include="BELOW_NORMAL_PRIORITY_CLASS.cpp">
      <Filter>Source Files\Chapter 09 Scheduling and Priority</Filter>
    </ClCompile>
    <ClCompile Include="sort.cpp">
      <Filter>Source Files</Filter>
    </ClCompile>
  </ItemGroup>
</Project>